{
  "name": "example",
  "version": "0.0.0",
  "lockfileVersion": 2,
  "requires": true,
  "packages": {
    "": {
      "name": "example",
      "version": "0.0.0",
      "dependencies": {
        "@awesomeorganization/rewrite-handler": "1.0.2",
        "@awesomeorganization/servers": "2.0.2",
        "@awesomeorganization/static-handler": "1.0.2",
        "@awesomeorganization/ws-handler": ".."
      }
    },
    "..": {
      "name": "@awesomeorganization/ws-handler",
      "version": "2.0.0",
      "license": "MIT",
      "dependencies": {
        "ws": "8.2.2"
      },
      "devDependencies": {
        "@awesomeorganization/servers": "2.0.2",
        "eslint-config-prettier": "8.3.0",
        "eslint-plugin-node": "11.1.0"
      }
    },
    "node_modules/@awesomeorganization/rewrite-handler": {
      "version": "1.0.2",
      "resolved": "https://registry.npmjs.org/@awesomeorganization/rewrite-handler/-/rewrite-handler-1.0.2.tgz",
      "integrity": "sha512-G/sqiPJ6UZlVVH8awARpYpi1YwolZyQEcqVk9ZtiZQTYB1KY4WxYwoARhNXwgYvBW1oQ7M6DcYlmH/cBfFC7lg==",
      "peerDependencies": {
        "eslint": "7.24.0",
        "prettier": "2.2.1"
      },
      "peerDependenciesMeta": {
        "eslint": {
          "optional": true
        },
        "prettier": {
          "optional": true
        }
      }
    },
    "node_modules/@awesomeorganization/servers": {
      "version": "2.0.2",
      "resolved": "https://registry.npmjs.org/@awesomeorganization/servers/-/servers-2.0.2.tgz",
      "integrity": "sha512-cpxudLojFShfdniH2T8pIdMjUs74Upk3Fb2hrDAm3S7AynCcCAnGkjJyrtq1SuR5iY2f6zBIh1JUq2foxNkYag==",
      "engines": {
        "node": ">=16.0.0",
        "npm": ">=8.0.0"
      }
    },
    "node_modules/@awesomeorganization/static-handler": {
      "version": "1.0.2",
      "resolved": "https://registry.npmjs.org/@awesomeorganization/static-handler/-/static-handler-1.0.2.tgz",
      "integrity": "sha512-UWoVa7zdBJWzD81opYD8L7qx26WVRsMN6WY7Z3mzpB9imrV0H0R6loDQhIcMGwvboEjnn8JnnoVunzYyFsXfHA==",
      "peerDependencies": {
        "eslint": "7.24.0",
        "prettier": "2.2.1"
      },
      "peerDependenciesMeta": {
        "eslint": {
          "optional": true
        },
        "prettier": {
          "optional": true
        }
      }
    },
    "node_modules/@awesomeorganization/ws-handler": {
      "resolved": "..",
      "link": true
    }
  },
  "dependencies": {
    "@awesomeorganization/rewrite-handler": {
      "version": "1.0.2",
      "resolved": "https://registry.npmjs.org/@awesomeorganization/rewrite-handler/-/rewrite-handler-1.0.2.tgz",
      "integrity": "sha512-G/sqiPJ6UZlVVH8awARpYpi1YwolZyQEcqVk9ZtiZQTYB1KY4WxYwoARhNXwgYvBW1oQ7M6DcYlmH/cBfFC7lg==",
      "requires": {}
    },
    "@awesomeorganization/servers": {
      "version": "2.0.2",
      "resolved": "https://registry.npmjs.org/@awesomeorganization/servers/-/servers-2.0.2.tgz",
      "integrity": "sha512-cpxudLojFShfdniH2T8pIdMjUs74Upk3Fb2hrDAm3S7AynCcCAnGkjJyrtq1SuR5iY2f6zBIh1JUq2foxNkYag=="
    },
    "@awesomeorganization/static-handler": {
      "version": "1.0.2",
      "resolved": "https://registry.npmjs.org/@awesomeorganization/static-handler/-/static-handler-1.0.2.tgz",
      "integrity": "sha512-UWoVa7zdBJWzD81opYD8L7qx26WVRsMN6WY7Z3mzpB9imrV0H0R6loDQhIcMGwvboEjnn8JnnoVunzYyFsXfHA==",
      "requires": {}
    },
    "@awesomeorganization/ws-handler": {
      "version": "file:..",
      "requires": {
        "@awesomeorganization/servers": "2.0.2",
        "eslint-config-prettier": "8.3.0",
        "eslint-plugin-node": "11.1.0",
        "ws": "8.2.2"
      }
    }
  }
}
